
Microsoft Visual Studio Solution File, Format Version 11.00
# Visual Studio 2010
Project("{FAE04EC0-301F-11D3-BF4B-00C04F79EFBC}") = "WebApplication", "WebApplication\WebApplication.csproj", "{A8D7612B-296C-4775-B9EC-244CE28DB6F6}"
EndProject
Project("{F2A71F9B-5D33-465A-A702-920D77279786}") = "WebSharperSiteletsProject", "WebSharperSiteletsProject\WebSharperSiteletsProject.fsproj", "{D8943B34-F131-4F2A-B726-8EB7C44D8E8C}"
EndProject
Global
	GlobalSection(SolutionConfigurationPlatforms) = preSolution
		Debug|Any CPU = Debug|Any CPU
		Release|Any CPU = Release|Any CPU
	EndGlobalSection
	GlobalSection(ProjectConfigurationPlatforms) = postSolution
		{A8D7612B-296C-4775-B9EC-244CE28DB6F6}.Debug|Any CPU.ActiveCfg = Debug|Any CPU
		{A8D7612B-296C-4775-B9EC-244CE28DB6F6}.Debug|Any CPU.Build.0 = Debug|Any CPU
		{A8D7612B-296C-4775-B9EC-244CE28DB6F6}.Release|Any CPU.ActiveCfg = Release|Any CPU
		{A8D7612B-296C-4775-B9EC-244CE28DB6F6}.Release|Any CPU.Build.0 = Release|Any CPU
		{D8943B34-F131-4F2A-B726-8EB7C44D8E8C}.Debug|Any CPU.ActiveCfg = Debug|Any CPU
		{D8943B34-F131-4F2A-B726-8EB7C44D8E8C}.Debug|Any CPU.Build.0 = Debug|Any CPU
		{D8943B34-F131-4F2A-B726-8EB7C44D8E8C}.Release|Any CPU.ActiveCfg = Release|Any CPU
		{D8943B34-F131-4F2A-B726-8EB7C44D8E8C}.Release|Any CPU.Build.0 = Release|Any CPU
	EndGlobalSection
	GlobalSection(SolutionProperties) = preSolution
		HideSolutionNode = FALSE
	EndGlobalSection
EndGlobal
