
Microsoft Visual Studio Solution File, Format Version 12.00
# Visual Studio 2012
Project("{F2A71F9B-5D33-465A-A702-920D77279786}") = "FunScriptExample", "FunScriptExample\FunScriptExample.fsproj", "{BC1967B7-9855-4F2A-B6AE-9B5A98020AA6}"
EndProject
Global
	GlobalSection(SolutionConfigurationPlatforms) = preSolution
		Debug|Any CPU = Debug|Any CPU
		Release|Any CPU = Release|Any CPU
	EndGlobalSection
	GlobalSection(ProjectConfigurationPlatforms) = postSolution
		{BC1967B7-9855-4F2A-B6AE-9B5A98020AA6}.Debug|Any CPU.ActiveCfg = Debug|Any CPU
		{BC1967B7-9855-4F2A-B6AE-9B5A98020AA6}.Debug|Any CPU.Build.0 = Debug|Any CPU
		{BC1967B7-9855-4F2A-B6AE-9B5A98020AA6}.Release|Any CPU.ActiveCfg = Release|Any CPU
		{BC1967B7-9855-4F2A-B6AE-9B5A98020AA6}.Release|Any CPU.Build.0 = Release|Any CPU
	EndGlobalSection
	GlobalSection(SolutionProperties) = preSolution
		HideSolutionNode = FALSE
	EndGlobalSection
EndGlobal
