
Microsoft Visual Studio Solution File, Format Version 11.00
# Visual Studio 2010
Project("{FAE04EC0-301F-11D3-BF4B-00C04F79EFBC}") = "WebApplication", "WebApplication\WebApplication.csproj", "{A0D30587-47B6-41EE-B469-63C15EBE0D66}"
EndProject
Project("{F2A71F9B-5D33-465A-A702-920D77279786}") = "WebSharperSiteletsProject", "WebSharperSiteletsProject\WebSharperSiteletsProject.fsproj", "{9DBB33E9-FC05-4182-AA02-8908F8026E87}"
EndProject
Global
	GlobalSection(SolutionConfigurationPlatforms) = preSolution
		Debug|Any CPU = Debug|Any CPU
		Release|Any CPU = Release|Any CPU
	EndGlobalSection
	GlobalSection(ProjectConfigurationPlatforms) = postSolution
		{A0D30587-47B6-41EE-B469-63C15EBE0D66}.Debug|Any CPU.ActiveCfg = Debug|Any CPU
		{A0D30587-47B6-41EE-B469-63C15EBE0D66}.Debug|Any CPU.Build.0 = Debug|Any CPU
		{A0D30587-47B6-41EE-B469-63C15EBE0D66}.Release|Any CPU.ActiveCfg = Release|Any CPU
		{A0D30587-47B6-41EE-B469-63C15EBE0D66}.Release|Any CPU.Build.0 = Release|Any CPU
		{9DBB33E9-FC05-4182-AA02-8908F8026E87}.Debug|Any CPU.ActiveCfg = Debug|Any CPU
		{9DBB33E9-FC05-4182-AA02-8908F8026E87}.Debug|Any CPU.Build.0 = Debug|Any CPU
		{9DBB33E9-FC05-4182-AA02-8908F8026E87}.Release|Any CPU.ActiveCfg = Release|Any CPU
		{9DBB33E9-FC05-4182-AA02-8908F8026E87}.Release|Any CPU.Build.0 = Release|Any CPU
	EndGlobalSection
	GlobalSection(SolutionProperties) = preSolution
		HideSolutionNode = FALSE
	EndGlobalSection
EndGlobal
